
Microsoft Visual Studio Solution File, Format Version 12.00
# Visual Studio Version 16
VisualStudioVersion = 16.0.30717.126
MinimumVisualStudioVersion = 10.0.40219.1
Project("{FAE04EC0-301F-11D3-BF4B-00C04F79EFBC}") = "ToDoList", "ToDoList\ToDoList.csproj", "{145CC733-27D5-4676-845B-C2A8F46B8844}"
EndProject
Global
	GlobalSection(SolutionConfigurationPlatforms) = preSolution
		Debug|Any CPU = Debug|Any CPU
		Release|Any CPU = Release|Any CPU
	EndGlobalSection
	GlobalSection(ProjectConfigurationPlatforms) = postSolution
		{145CC733-27D5-4676-845B-C2A8F46B8844}.Debug|Any CPU.ActiveCfg = Debug|Any CPU
		{145CC733-27D5-4676-845B-C2A8F46B8844}.Debug|Any CPU.Build.0 = Debug|Any CPU
		{145CC733-27D5-4676-845B-C2A8F46B8844}.Release|Any CPU.ActiveCfg = Release|Any CPU
		{145CC733-27D5-4676-845B-C2A8F46B8844}.Release|Any CPU.Build.0 = Release|Any CPU
	EndGlobalSection
	GlobalSection(SolutionProperties) = preSolution
		HideSolutionNode = FALSE
	EndGlobalSection
	GlobalSection(ExtensibilityGlobals) = postSolution
		SolutionGuid = {F6297DD0-A8A3-4A6F-A9A5-97F7E7009EA2}
	EndGlobalSection
EndGlobal
