
Microsoft Visual Studio Solution File, Format Version 12.00
# Visual Studio Version 16
VisualStudioVersion = 16.0.30717.126
MinimumVisualStudioVersion = 10.0.40219.1
Project("{9A19103F-16F7-4668-BE54-9A1E7A4F7556}") = "ToDoList", "ToDoList\ToDoList.csproj", "{145CC733-27D5-4676-845B-C2A8F46B8844}"
EndProject
Project("{9A19103F-16F7-4668-BE54-9A1E7A4F7556}") = "ToDoList.Test", "ToDoList.Test\ToDoList.Test.csproj", "{74F68BBE-EAD1-49EB-A22B-F766C7F42F27}"
EndProject
Project("{2150E333-8FDC-42A3-9474-1A3956D46DE8}") = "Solution Items", "Solution Items", "{99D40FC8-272A-49DF-B302-FD87AF57936D}"
	ProjectSection(SolutionItems) = preProject
		.editorconfig = .editorconfig
	EndProjectSection
EndProject
Global
	GlobalSection(SolutionConfigurationPlatforms) = preSolution
		Debug|Any CPU = Debug|Any CPU
		Release|Any CPU = Release|Any CPU
	EndGlobalSection
	GlobalSection(ProjectConfigurationPlatforms) = postSolution
		{145CC733-27D5-4676-845B-C2A8F46B8844}.Debug|Any CPU.ActiveCfg = Debug|Any CPU
		{145CC733-27D5-4676-845B-C2A8F46B8844}.Debug|Any CPU.Build.0 = Debug|Any CPU
		{145CC733-27D5-4676-845B-C2A8F46B8844}.Release|Any CPU.ActiveCfg = Release|Any CPU
		{145CC733-27D5-4676-845B-C2A8F46B8844}.Release|Any CPU.Build.0 = Release|Any CPU
		{74F68BBE-EAD1-49EB-A22B-F766C7F42F27}.Debug|Any CPU.ActiveCfg = Debug|Any CPU
		{74F68BBE-EAD1-49EB-A22B-F766C7F42F27}.Debug|Any CPU.Build.0 = Debug|Any CPU
		{74F68BBE-EAD1-49EB-A22B-F766C7F42F27}.Release|Any CPU.ActiveCfg = Release|Any CPU
		{74F68BBE-EAD1-49EB-A22B-F766C7F42F27}.Release|Any CPU.Build.0 = Release|Any CPU
	EndGlobalSection
	GlobalSection(SolutionProperties) = preSolution
		HideSolutionNode = FALSE
	EndGlobalSection
	GlobalSection(ExtensibilityGlobals) = postSolution
		SolutionGuid = {F6297DD0-A8A3-4A6F-A9A5-97F7E7009EA2}
	EndGlobalSection
EndGlobal
